{
  "version": "5",
  "remote": {
    "https://deno.land/std@0.173.0/encoding/base64.ts": "7de04c2f8aeeb41453b09b186480be90f2ff357613b988e99fabb91d2eeceba1",
    "https://deno.land/x/denomailer@1.6.0/client/basic/QUE.ts": "5af1dfcc5814bf4542f098908ac1fdd8a1a1c2b1597138a121c95eaa791315d0",
    "https://deno.land/x/denomailer@1.6.0/client/basic/client.ts": "462e4db45ae218647812ceae720d55ea33e0e928f9138fee9da5913cbb1e20f9",
    "https://deno.land/x/denomailer@1.6.0/client/basic/connection.ts": "68de68d7551d8303629905c2b7581cb09b45646e530ce93a5786ca1aba61055c",
    "https://deno.land/x/denomailer@1.6.0/client/basic/transforms.ts": "e630a23d24e9b397e231ae8796c0a0080770ac6f5ab9bffc105d3717706e62c9",
    "https://deno.land/x/denomailer@1.6.0/client/mod.ts": "8ec4c25d9586f83f8629768311a077eaf03b1490dcb872030ba2e27fadb674d8",
    "https://deno.land/x/denomailer@1.6.0/client/pool.ts": "0466e69ca8959aa85501cc6b30d7f5fd8e43b0a6ac88ecc60dab71081e801bae",
    "https://deno.land/x/denomailer@1.6.0/client/worker/worker.ts": "a4c3a3e2e1fde0967817ece7c345a565eb44a7312acf8d46ce620d4ff4443b31",
    "https://deno.land/x/denomailer@1.6.0/config/client.ts": "302f5c18fbb5531b5615613084b86d44120acc210e072f4135e431fa27fc4526",
    "https://deno.land/x/denomailer@1.6.0/config/mail/attachments.ts": "1f357bddc9d5e813c3f647498db81a165a1a8a7163116c58dc10cf01427fd81e",
    "https://deno.land/x/denomailer@1.6.0/config/mail/content.ts": "3925d4c3baaabed4e08933159d34b1450e6426b35a5bc323a0666780bef20192",
    "https://deno.land/x/denomailer@1.6.0/config/mail/email.ts": "bb0ca104bf9cb54af6613a04b3f8cb05290f4fb012e7113f1d050cab10226a7c",
    "https://deno.land/x/denomailer@1.6.0/config/mail/encoding.ts": "0bc5983ada3b902333925cdca225f8ea5e28fffbc2f1bd2b0ccb9a423f6f7fcc",
    "https://deno.land/x/denomailer@1.6.0/config/mail/headers.ts": "ce94874beb5a1a7248b5b91bf1ae3b3aed2d4c0541f3f448f2bbfad6c8f570ee",
    "https://deno.land/x/denomailer@1.6.0/config/mail/mod.ts": "a7fafa3386a45a585d7983d816b09ddc28b2f2b84097a614f1e38685b1f62868",
    "https://deno.land/x/denomailer@1.6.0/deps.ts": "12bef188bb2a490fedc82ac1889f3d438e8a15887c423b045fee532b31a43102",
    "https://deno.land/x/denomailer@1.6.0/mod.ts": "71a197dff098194ab53691abd3c9d22a276ef04e1382eb85f5632dbcb5a83bf3"
  },
  "workspace": {
    "packageJson": {
      "dependencies": [
        "npm:@axe-core/playwright@^4.13.0",
        "npm:@capacitor-mlkit/barcode-scanning@^8.1.0",
        "npm:@capacitor/android@^8.5.0",
        "npm:@capacitor/cli@^8.5.0",
        "npm:@capacitor/core@^8.5.0",
        "npm:@capacitor/geolocation@^8.2.2",
        "npm:@capacitor/haptics@^8.0.2",
        "npm:@capacitor/ios@^8.5.0",
        "npm:@capacitor/local-notifications@^8.3.1",
        "npm:@capacitor/preferences@^8.0.1",
        "npm:@capacitor/share@^8.0.1",
        "npm:@capacitor/splash-screen@^8.0.2",
        "npm:@capacitor/status-bar@^8.0.3",
        "npm:@capgo/capacitor-speech-recognition@^8.3.2",
        "npm:@fontsource/atkinson-hyperlegible@^5.3.0",
        "npm:@fontsource/schibsted-grotesk@^5.3.0",
        "npm:@internationalized/date@^3.12.3",
        "npm:@lucide/svelte@^1.31.0",
        "npm:@playwright/test@^1.63.0",
        "npm:@supabase/supabase-js@^2.112.3",
        "npm:@sveltejs/adapter-static@^3.0.10",
        "npm:@sveltejs/kit@^2.63.0",
        "npm:@sveltejs/vite-plugin-svelte@^7.1.2",
        "npm:@tailwindcss/vite@^4.3.3",
        "npm:@tesseract.js-data/ara@1.0.0",
        "npm:@tesseract.js-data/chi_sim@1.0.0",
        "npm:@tesseract.js-data/deu@1.0.0",
        "npm:@tesseract.js-data/eng@1.0.0",
        "npm:@tesseract.js-data/fra@1.0.0",
        "npm:@tesseract.js-data/ita@1.0.0",
        "npm:@tesseract.js-data/por@1.0.0",
        "npm:@tesseract.js-data/rus@1.0.0",
        "npm:@tesseract.js-data/spa@1.0.0",
        "npm:@types/qrcode@^1.5.6",
        "npm:@vitest/coverage-v8@^4.1.10",
        "npm:@zxing/browser@~0.2.1",
        "npm:@zxing/library@0.23",
        "npm:bits-ui@^2.18.1",
        "npm:changelogen@~0.6.2",
        "npm:clsx@^2.1.1",
        "npm:dexie@^4.4.4",
        "npm:driver.js@^1.8.0",
        "npm:jsqr@^1.4.0",
        "npm:qrcode@^1.5.4",
        "npm:supabase@^2.117.0",
        "npm:svelte-check@^4.6.0",
        "npm:svelte@^5.56.1",
        "npm:tailwind-merge@^3.6.0",
        "npm:tailwind-variants@^3.3.1",
        "npm:tailwindcss@^4.3.3",
        "npm:tesseract.js@7.0.0",
        "npm:tw-animate-css@^1.4.0",
        "npm:typescript@^6.0.3",
        "npm:vite@^8.0.16",
        "npm:vitest@^4.1.10"
      ]
    }
  }
}
